{
  "name": "simple-icons-blender",
  "version": "0.0.1",
  "lockfileVersion": 1,
  "requires": true,
  "dependencies": {
    "simple-icons": {
      "version": "5.20.0",
      "resolved": "https://registry.npmjs.org/simple-icons/-/simple-icons-5.20.0.tgz",
      "integrity": "sha512-XizBBRSnGm8f+DQS3keR4hh8g0FbjvpBuXvA0PkLuDpyNraJxo7c/9WuZ9sl/N6EsBFGAwQ3Ci8ZWnyzQSalrg==",
      "dev": true
    }
  }
}
